
Microsoft Visual Studio Solution File, Format Version 12.00
# Visual Studio Version 17
VisualStudioVersion = 17.10.35013.160
MinimumVisualStudioVersion = 10.0.40219.1
Project("{FAE04EC0-301F-11D3-BF4B-00C04F79EFBC}") = "QLy_SinhVien", "QLy_SinhVien\QLy_SinhVien.csproj", "{03A6DB94-FF36-4046-8E42-0B2053A79907}"
EndProject
Project("{FAE04EC0-301F-11D3-BF4B-00C04F79EFBC}") = "QLySinhVien.Tests", "QLySinhVien.Tests\QLySinhVien.Tests.csproj", "{77CE6F8E-026C-4C44-81E6-C0286F0FBDF5}"
EndProject
Global
	GlobalSection(SolutionConfigurationPlatforms) = preSolution
		Debug|Any CPU = Debug|Any CPU
		Release|Any CPU = Release|Any CPU
	EndGlobalSection
	GlobalSection(ProjectConfigurationPlatforms) = postSolution
		{03A6DB94-FF36-4046-8E42-0B2053A79907}.Debug|Any CPU.ActiveCfg = Debug|Any CPU
		{03A6DB94-FF36-4046-8E42-0B2053A79907}.Debug|Any CPU.Build.0 = Debug|Any CPU
		{03A6DB94-FF36-4046-8E42-0B2053A79907}.Release|Any CPU.ActiveCfg = Release|Any CPU
		{03A6DB94-FF36-4046-8E42-0B2053A79907}.Release|Any CPU.Build.0 = Release|Any CPU
		{77CE6F8E-026C-4C44-81E6-C0286F0FBDF5}.Debug|Any CPU.ActiveCfg = Debug|Any CPU
		{77CE6F8E-026C-4C44-81E6-C0286F0FBDF5}.Debug|Any CPU.Build.0 = Debug|Any CPU
		{77CE6F8E-026C-4C44-81E6-C0286F0FBDF5}.Release|Any CPU.ActiveCfg = Release|Any CPU
		{77CE6F8E-026C-4C44-81E6-C0286F0FBDF5}.Release|Any CPU.Build.0 = Release|Any CPU
	EndGlobalSection
	GlobalSection(SolutionProperties) = preSolution
		HideSolutionNode = FALSE
	EndGlobalSection
	GlobalSection(ExtensibilityGlobals) = postSolution
		SolutionGuid = {74A75A1D-A279-4FBD-BF6F-DB2941CA5882}
	EndGlobalSection
EndGlobal
